Microsoft Visual Studio Solution File, Format Version 12.00
# Visual Studio Version 17
VisualStudioVersion = 17.5.2.0
MinimumVisualStudioVersion = 10.0.40219.1
Project("{FAE04EC0-301F-11D3-BF4B-00C04F79EFBC}") = "cs-automatisate-git", "cs-automatisate-git.csproj", "{1CB49E86-8E25-700D-7585-833D7A5DE078}"
EndProject
Global
	GlobalSection(SolutionConfigurationPlatforms) = preSolution
		Debug|Any CPU = Debug|Any CPU
		Release|Any CPU = Release|Any CPU
	EndGlobalSection
	GlobalSection(ProjectConfigurationPlatforms) = postSolution
		{1CB49E86-8E25-700D-7585-833D7A5DE078}.Debug|Any CPU.ActiveCfg = Debug|Any CPU
		{1CB49E86-8E25-700D-7585-833D7A5DE078}.Debug|Any CPU.Build.0 = Debug|Any CPU
		{1CB49E86-8E25-700D-7585-833D7A5DE078}.Release|Any CPU.ActiveCfg = Release|Any CPU
		{1CB49E86-8E25-700D-7585-833D7A5DE078}.Release|Any CPU.Build.0 = Release|Any CPU
	EndGlobalSection
	GlobalSection(SolutionProperties) = preSolution
		HideSolutionNode = FALSE
	EndGlobalSection
	GlobalSection(ExtensibilityGlobals) = postSolution
		SolutionGuid = {38B08485-E580-4D93-AF3B-887AB1CCBC2C}
	EndGlobalSection
EndGlobal
